
Microsoft Visual Studio Solution File, Format Version 11.00
# Visual Studio 2010
Project("{FAE04EC0-301F-11D3-BF4B-00C04F79EFBC}") = "ConsoleApplication18", "ConsoleApplication18\ConsoleApplication18.csproj", "{949E7D68-5956-45E8-84EE-C88D58BEA4EA}"
EndProject
Global
	GlobalSection(SolutionConfigurationPlatforms) = preSolution
		Debug|x86 = Debug|x86
		Release|x86 = Release|x86
	EndGlobalSection
	GlobalSection(ProjectConfigurationPlatforms) = postSolution
		{949E7D68-5956-45E8-84EE-C88D58BEA4EA}.Debug|x86.ActiveCfg = Debug|x86
		{949E7D68-5956-45E8-84EE-C88D58BEA4EA}.Debug|x86.Build.0 = Debug|x86
		{949E7D68-5956-45E8-84EE-C88D58BEA4EA}.Release|x86.ActiveCfg = Release|x86
		{949E7D68-5956-45E8-84EE-C88D58BEA4EA}.Release|x86.Build.0 = Release|x86
	EndGlobalSection
	GlobalSection(SolutionProperties) = preSolution
		HideSolutionNode = FALSE
	EndGlobalSection
EndGlobal
