
Microsoft Visual Studio Solution File, Format Version 11.00
# Visual Studio 2010
Project("{FAE04EC0-301F-11D3-BF4B-00C04F79EFBC}") = "FileRenamer", "FileRenamer\FileRenamer.csproj", "{57EB82D3-80A6-484B-B0E6-D39DB467FF38}"
EndProject
Global
	GlobalSection(SolutionConfigurationPlatforms) = preSolution
		Debug|x86 = Debug|x86
		Release|x86 = Release|x86
	EndGlobalSection
	GlobalSection(ProjectConfigurationPlatforms) = postSolution
		{57EB82D3-80A6-484B-B0E6-D39DB467FF38}.Debug|x86.ActiveCfg = Debug|x86
		{57EB82D3-80A6-484B-B0E6-D39DB467FF38}.Debug|x86.Build.0 = Debug|x86
		{57EB82D3-80A6-484B-B0E6-D39DB467FF38}.Release|x86.ActiveCfg = Release|x86
		{57EB82D3-80A6-484B-B0E6-D39DB467FF38}.Release|x86.Build.0 = Release|x86
	EndGlobalSection
	GlobalSection(SolutionProperties) = preSolution
		HideSolutionNode = FALSE
	EndGlobalSection
EndGlobal
